
Microsoft Visual Studio Solution File, Format Version 12.00
# Visual Studio Version 17
VisualStudioVersion = 17.10.35013.160
MinimumVisualStudioVersion = 10.0.40219.1
Project("{FAE04EC0-301F-11D3-BF4B-00C04F79EFBC}") = "CalcularAreaDeUmTriangulo", "CalcularAreaDeUmTriangulo\CalcularAreaDeUmTriangulo.csproj", "{A650D21E-2B1F-4FC4-B833-A925A735681C}"
EndProject
Global
	GlobalSection(SolutionConfigurationPlatforms) = preSolution
		Debug|Any CPU = Debug|Any CPU
		Release|Any CPU = Release|Any CPU
	EndGlobalSection
	GlobalSection(ProjectConfigurationPlatforms) = postSolution
		{A650D21E-2B1F-4FC4-B833-A925A735681C}.Debug|Any CPU.ActiveCfg = Debug|Any CPU
		{A650D21E-2B1F-4FC4-B833-A925A735681C}.Debug|Any CPU.Build.0 = Debug|Any CPU
		{A650D21E-2B1F-4FC4-B833-A925A735681C}.Release|Any CPU.ActiveCfg = Release|Any CPU
		{A650D21E-2B1F-4FC4-B833-A925A735681C}.Release|Any CPU.Build.0 = Release|Any CPU
	EndGlobalSection
	GlobalSection(SolutionProperties) = preSolution
		HideSolutionNode = FALSE
	EndGlobalSection
	GlobalSection(ExtensibilityGlobals) = postSolution
		SolutionGuid = {E07BAB52-8026-4530-84EB-5AB50A370352}
	EndGlobalSection
EndGlobal
